
Microsoft Visual Studio Solution File, Format Version 12.00
# Visual Studio Version 16
VisualStudioVersion = 16.0.30717.126
MinimumVisualStudioVersion = 10.0.40219.1
Project("{FAE04EC0-301F-11D3-BF4B-00C04F79EFBC}") = "Day 0. Hello World", "Day 0. Hello World\Day 0. Hello World.csproj", "{B97A7350-97ED-465E-AD8C-BCC88233C48B}"
EndProject
Project("{FAE04EC0-301F-11D3-BF4B-00C04F79EFBC}") = "Day 1. Data Types", "Day 1. Data Types\Day 1. Data Types.csproj", "{152FD30B-C302-41B4-BA90-4DB41D84343C}"
EndProject
Project("{FAE04EC0-301F-11D3-BF4B-00C04F79EFBC}") = "Day 2. Operators", "Day 2. Operators\Day 2. Operators.csproj", "{F5A4238B-F732-4F0A-AF4F-7B1AEBB852B1}"
EndProject
Project("{FAE04EC0-301F-11D3-BF4B-00C04F79EFBC}") = "Day 3. Intro to Conditional Statements", "Day 3. Intro to Conditional Statements\Day 3. Intro to Conditional Statements.csproj", "{4666FB08-EDAC-4417-B8DC-BAC80321D215}"
EndProject
Project("{FAE04EC0-301F-11D3-BF4B-00C04F79EFBC}") = "Day 4. Class vs. Instance", "Day 4. Class vs. Instance\Day 4. Class vs. Instance.csproj", "{E82CB8E6-03D4-4A25-9E9B-DF4FF7E113E8}"
EndProject
Global
	GlobalSection(SolutionConfigurationPlatforms) = preSolution
		Debug|Any CPU = Debug|Any CPU
		Release|Any CPU = Release|Any CPU
	EndGlobalSection
	GlobalSection(ProjectConfigurationPlatforms) = postSolution
		{B97A7350-97ED-465E-AD8C-BCC88233C48B}.Debug|Any CPU.ActiveCfg = Debug|Any CPU
		{B97A7350-97ED-465E-AD8C-BCC88233C48B}.Debug|Any CPU.Build.0 = Debug|Any CPU
		{B97A7350-97ED-465E-AD8C-BCC88233C48B}.Release|Any CPU.ActiveCfg = Release|Any CPU
		{B97A7350-97ED-465E-AD8C-BCC88233C48B}.Release|Any CPU.Build.0 = Release|Any CPU
		{152FD30B-C302-41B4-BA90-4DB41D84343C}.Debug|Any CPU.ActiveCfg = Debug|Any CPU
		{152FD30B-C302-41B4-BA90-4DB41D84343C}.Debug|Any CPU.Build.0 = Debug|Any CPU
		{152FD30B-C302-41B4-BA90-4DB41D84343C}.Release|Any CPU.ActiveCfg = Release|Any CPU
		{152FD30B-C302-41B4-BA90-4DB41D84343C}.Release|Any CPU.Build.0 = Release|Any CPU
		{F5A4238B-F732-4F0A-AF4F-7B1AEBB852B1}.Debug|Any CPU.ActiveCfg = Debug|Any CPU
		{F5A4238B-F732-4F0A-AF4F-7B1AEBB852B1}.Debug|Any CPU.Build.0 = Debug|Any CPU
		{F5A4238B-F732-4F0A-AF4F-7B1AEBB852B1}.Release|Any CPU.ActiveCfg = Release|Any CPU
		{F5A4238B-F732-4F0A-AF4F-7B1AEBB852B1}.Release|Any CPU.Build.0 = Release|Any CPU
		{4666FB08-EDAC-4417-B8DC-BAC80321D215}.Debug|Any CPU.ActiveCfg = Debug|Any CPU
		{4666FB08-EDAC-4417-B8DC-BAC80321D215}.Debug|Any CPU.Build.0 = Debug|Any CPU
		{4666FB08-EDAC-4417-B8DC-BAC80321D215}.Release|Any CPU.ActiveCfg = Release|Any CPU
		{4666FB08-EDAC-4417-B8DC-BAC80321D215}.Release|Any CPU.Build.0 = Release|Any CPU
		{E82CB8E6-03D4-4A25-9E9B-DF4FF7E113E8}.Debug|Any CPU.ActiveCfg = Debug|Any CPU
		{E82CB8E6-03D4-4A25-9E9B-DF4FF7E113E8}.Debug|Any CPU.Build.0 = Debug|Any CPU
		{E82CB8E6-03D4-4A25-9E9B-DF4FF7E113E8}.Release|Any CPU.ActiveCfg = Release|Any CPU
		{E82CB8E6-03D4-4A25-9E9B-DF4FF7E113E8}.Release|Any CPU.Build.0 = Release|Any CPU
	EndGlobalSection
	GlobalSection(SolutionProperties) = preSolution
		HideSolutionNode = FALSE
	EndGlobalSection
	GlobalSection(ExtensibilityGlobals) = postSolution
		SolutionGuid = {515F5E3F-E4A1-45ED-96A3-342BF3DBB5D6}
	EndGlobalSection
EndGlobal
